
Microsoft Visual Studio Solution File, Format Version 12.00
# Visual Studio Version 16
VisualStudioVersion = 16.0.810.17
MinimumVisualStudioVersion = 10.0.40219.1
Project("{FAE04EC0-301F-11D3-BF4B-00C04F79EFBC}") = "RecruiterHelper", "RecruiterHelper\RecruiterHelper.csproj", "{6F75CE5E-70B6-4803-9F29-9E0865508A28}"
EndProject
Global
	GlobalSection(SolutionConfigurationPlatforms) = preSolution
		Debug|Any CPU = Debug|Any CPU
		Release|Any CPU = Release|Any CPU
	EndGlobalSection
	GlobalSection(ProjectConfigurationPlatforms) = postSolution
		{6F75CE5E-70B6-4803-9F29-9E0865508A28}.Debug|Any CPU.ActiveCfg = Debug|Any CPU
		{6F75CE5E-70B6-4803-9F29-9E0865508A28}.Debug|Any CPU.Build.0 = Debug|Any CPU
		{6F75CE5E-70B6-4803-9F29-9E0865508A28}.Release|Any CPU.ActiveCfg = Release|Any CPU
		{6F75CE5E-70B6-4803-9F29-9E0865508A28}.Release|Any CPU.Build.0 = Release|Any CPU
	EndGlobalSection
	GlobalSection(SolutionProperties) = preSolution
		HideSolutionNode = FALSE
	EndGlobalSection
	GlobalSection(ExtensibilityGlobals) = postSolution
		SolutionGuid = {52D3F2AB-2E22-48CB-AF5E-408B8EC4D477}
	EndGlobalSection
EndGlobal
